// !$*UTF8*$!
{
	archiveVersion = 1;
	classes = {
	};
	objectVersion = 56;
	objects = {

/* Begin PBXBuildFile section */
		660785DB2B45A83C00770CE1 /* CarDetailView.swift in Sources */ = {isa = PBXBuildFile; fileRef = 660785DA2B45A83C00770CE1 /* CarDetailView.swift */; };
		660785DD2B45A88400770CE1 /* Extensions.swift in Sources */ = {isa = PBXBuildFile; fileRef = 660785DC2B45A88400770CE1 /* Extensions.swift */; };
		660785E32B45ADD900770CE1 /* Denver-Bold.ttf in Resources */ = {isa = PBXBuildFile; fileRef = 660785DF2B45AD9300770CE1 /* Denver-Bold.ttf */; };
		660785E42B45ADD900770CE1 /* Denver-Regular.ttf in Resources */ = {isa = PBXBuildFile; fileRef = 660785DE2B45AD9200770CE1 /* Denver-Regular.ttf */; };
		660785E52B45ADD900770CE1 /* Assets.xcassets in Resources */ = {isa = PBXBuildFile; fileRef = 665812FF2B44CB9300599ADE /* Assets.xcassets */; };
		660785E62B45ADD900770CE1 /* Preview Assets.xcassets in Resources */ = {isa = PBXBuildFile; fileRef = 665813022B44CB9300599ADE /* Preview Assets.xcassets */; };
		660785ED2B45B07700770CE1 /* outward-block.ttf in Resources */ = {isa = PBXBuildFile; fileRef = 660785E72B45AF9400770CE1 /* outward-block.ttf */; };
		660785EE2B45B07700770CE1 /* outward-borders.ttf in Resources */ = {isa = PBXBuildFile; fileRef = 660785E82B45AF9500770CE1 /* outward-borders.ttf */; };
		660785EF2B45B07700770CE1 /* outward-round.ttf in Resources */ = {isa = PBXBuildFile; fileRef = 660785E92B45AF9500770CE1 /* outward-round.ttf */; };
		662675CA2B487EA200CFD2EC /* MaintenanceRecordView.swift in Sources */ = {isa = PBXBuildFile; fileRef = 662675C92B487EA200CFD2EC /* MaintenanceRecordView.swift */; };
		665812FA2B44CB8E00599ADE /* CarApp.swift in Sources */ = {isa = PBXBuildFile; fileRef = 665812F92B44CB8E00599ADE /* CarApp.swift */; };
		665812FC2B44CB8E00599ADE /* ContentView.swift in Sources */ = {isa = PBXBuildFile; fileRef = 665812FB2B44CB8E00599ADE /* ContentView.swift */; };
		665812FE2B44CB8E00599ADE /* Garage.swift in Sources */ = {isa = PBXBuildFile; fileRef = 665812FD2B44CB8E00599ADE /* Garage.swift */; };
		66BA9EC22B4848AF006389CB /* Car_for_MacApp.swift in Sources */ = {isa = PBXBuildFile; fileRef = 66BA9EC12B4848AF006389CB /* Car_for_MacApp.swift */; };
		66BA9EC42B4848AF006389CB /* ContentView.swift in Sources */ = {isa = PBXBuildFile; fileRef = 66BA9EC32B4848AF006389CB /* ContentView.swift */; };
		66BA9EC62B4848AF006389CB /* Assets.xcassets in Resources */ = {isa = PBXBuildFile; fileRef = 66BA9EC52B4848AF006389CB /* Assets.xcassets */; };
		66BA9EC92B4848AF006389CB /* Preview Assets.xcassets in Resources */ = {isa = PBXBuildFile; fileRef = 66BA9EC82B4848AF006389CB /* Preview Assets.xcassets */; };
		66BD201F2B44CD61009ED644 /* Car.swift in Sources */ = {isa = PBXBuildFile; fileRef = 66BD201E2B44CD61009ED644 /* Car.swift */; };
		66BD20222B44D5D9009ED644 /* CarView.swift in Sources */ = {isa = PBXBuildFile; fileRef = 66BD20212B44D5D9009ED644 /* CarView.swift */; };
		66BD20242B44D675009ED644 /* CreateGarageView.swift in Sources */ = {isa = PBXBuildFile; fileRef = 66BD20232B44D675009ED644 /* CreateGarageView.swift */; };
		66BD20272B44D692009ED644 /* GarageManager.swift in Sources */ = {isa = PBXBuildFile; fileRef = 66BD20262B44D692009ED644 /* GarageManager.swift */; };
		66BD20292B44DA93009ED644 /* GarageView.swift in Sources */ = {isa = PBXBuildFile; fileRef = 66BD20282B44DA93009ED644 /* GarageView.swift */; };
		66BD202B2B44DAA3009ED644 /* CreateCarView.swift in Sources */ = {isa = PBXBuildFile; fileRef = 66BD202A2B44DAA3009ED644 /* CreateCarView.swift */; };
/* End PBXBuildFile section */

/* Begin PBXFileReference section */
		660785DA2B45A83C00770CE1 /* CarDetailView.swift */ = {isa = PBXFileReference; lastKnownFileType = sourcecode.swift; path = CarDetailView.swift; sourceTree = "<group>"; };
		660785DC2B45A88400770CE1 /* Extensions.swift */ = {isa = PBXFileReference; lastKnownFileType = sourcecode.swift; path = Extensions.swift; sourceTree = "<group>"; };
		660785DE2B45AD9200770CE1 /* Denver-Regular.ttf */ = {isa = PBXFileReference; lastKnownFileType = file; path = "Denver-Regular.ttf"; sourceTree = "<group>"; };
		660785DF2B45AD9300770CE1 /* Denver-Bold.ttf */ = {isa = PBXFileReference; lastKnownFileType = file; path = "Denver-Bold.ttf"; sourceTree = "<group>"; };
		660785E22B45ADAE00770CE1 /* Info.plist */ = {isa = PBXFileReference; lastKnownFileType = text.plist; path = Info.plist; sourceTree = "<group>"; };
		660785E72B45AF9400770CE1 /* outward-block.ttf */ = {isa = PBXFileReference; lastKnownFileType = file; path = "outward-block.ttf"; sourceTree = "<group>"; };
		660785E82B45AF9500770CE1 /* outward-borders.ttf */ = {isa = PBXFileReference; lastKnownFileType = file; path = "outward-borders.ttf"; sourceTree = "<group>"; };
		660785E92B45AF9500770CE1 /* outward-round.ttf */ = {isa = PBXFileReference; lastKnownFileType = file; path = "outward-round.ttf"; sourceTree = "<group>"; };
		662675C92B487EA200CFD2EC /* MaintenanceRecordView.swift */ = {isa = PBXFileReference; lastKnownFileType = sourcecode.swift; path = MaintenanceRecordView.swift; sourceTree = "<group>"; };
		665812F62B44CB8E00599ADE /* Car.app */ = {isa = PBXFileReference; explicitFileType = wrapper.application; includeInIndex = 0; path = Car.app; sourceTree = BUILT_PRODUCTS_DIR; };
		665812F92B44CB8E00599ADE /* CarApp.swift */ = {isa = PBXFileReference; lastKnownFileType = sourcecode.swift; path = CarApp.swift; sourceTree = "<group>"; };
		665812FB2B44CB8E00599ADE /* ContentView.swift */ = {isa = PBXFileReference; lastKnownFileType = sourcecode.swift; path = ContentView.swift; sourceTree = "<group>"; };
		665812FD2B44CB8E00599ADE /* Garage.swift */ = {isa = PBXFileReference; lastKnownFileType = sourcecode.swift; path = Garage.swift; sourceTree = "<group>"; };
		665812FF2B44CB9300599ADE /* Assets.xcassets */ = {isa = PBXFileReference; lastKnownFileType = folder.assetcatalog; path = Assets.xcassets; sourceTree = "<group>"; };
		665813022B44CB9300599ADE /* Preview Assets.xcassets */ = {isa = PBXFileReference; lastKnownFileType = folder.assetcatalog; path = "Preview Assets.xcassets"; sourceTree = "<group>"; };
		66BA9EBF2B4848AE006389CB /* Car for Mac.app */ = {isa = PBXFileReference; explicitFileType = wrapper.application; includeInIndex = 0; path = "Car for Mac.app"; sourceTree = BUILT_PRODUCTS_DIR; };
		66BA9EC12B4848AF006389CB /* Car_for_MacApp.swift */ = {isa = PBXFileReference; lastKnownFileType = sourcecode.swift; path = Car_for_MacApp.swift; sourceTree = "<group>"; };
		66BA9EC32B4848AF006389CB /* ContentView.swift */ = {isa = PBXFileReference; lastKnownFileType = sourcecode.swift; path = ContentView.swift; sourceTree = "<group>"; };
		66BA9EC52B4848AF006389CB /* Assets.xcassets */ = {isa = PBXFileReference; lastKnownFileType = folder.assetcatalog; path = Assets.xcassets; sourceTree = "<group>"; };
		66BA9EC82B4848AF006389CB /* Preview Assets.xcassets */ = {isa = PBXFileReference; lastKnownFileType = folder.assetcatalog; path = "Preview Assets.xcassets"; sourceTree = "<group>"; };
		66BA9ECA2B4848AF006389CB /* Car_for_Mac.entitlements */ = {isa = PBXFileReference; lastKnownFileType = text.plist.entitlements; path = Car_for_Mac.entitlements; sourceTree = "<group>"; };
		66BD201E2B44CD61009ED644 /* Car.swift */ = {isa = PBXFileReference; lastKnownFileType = sourcecode.swift; path = Car.swift; sourceTree = "<group>"; };
		66BD20212B44D5D9009ED644 /* CarView.swift */ = {isa = PBXFileReference; lastKnownFileType = sourcecode.swift; path = CarView.swift; sourceTree = "<group>"; };
		66BD20232B44D675009ED644 /* CreateGarageView.swift */ = {isa = PBXFileReference; lastKnownFileType = sourcecode.swift; path = CreateGarageView.swift; sourceTree = "<group>"; };
		66BD20262B44D692009ED644 /* GarageManager.swift */ = {isa = PBXFileReference; lastKnownFileType = sourcecode.swift; path = GarageManager.swift; sourceTree = "<group>"; };
		66BD20282B44DA93009ED644 /* GarageView.swift */ = {isa = PBXFileReference; lastKnownFileType = sourcecode.swift; path = GarageView.swift; sourceTree = "<group>"; };
		66BD202A2B44DAA3009ED644 /* CreateCarView.swift */ = {isa = PBXFileReference; lastKnownFileType = sourcecode.swift; path = CreateCarView.swift; sourceTree = "<group>"; };
/* End PBXFileReference section */

/* Begin PBXFrameworksBuildPhase section */
		665812F32B44CB8E00599ADE /* Frameworks */ = {
			isa = PBXFrameworksBuildPhase;
			buildActionMask = 2147483647;
			files = (
			);
			runOnlyForDeploymentPostprocessing = 0;
		};
		66BA9EBC2B4848AE006389CB /* Frameworks */ = {
			isa = PBXFrameworksBuildPhase;
			buildActionMask = 2147483647;
			files = (
			);
			runOnlyForDeploymentPostprocessing = 0;
		};
/* End PBXFrameworksBuildPhase section */

/* Begin PBXGroup section */
		662675C52B487E5A00CFD2EC /* Main Views */ = {
			isa = PBXGroup;
			children = (
				665812FB2B44CB8E00599ADE /* ContentView.swift */,
				66BD20212B44D5D9009ED644 /* CarView.swift */,
				66BD20282B44DA93009ED644 /* GarageView.swift */,
			);
			path = "Main Views";
			sourceTree = "<group>";
		};
		662675C62B487E6900CFD2EC /* Detail Views */ = {
			isa = PBXGroup;
			children = (
				662675C82B487E8C00CFD2EC /* Cars */,
			);
			path = "Detail Views";
			sourceTree = "<group>";
		};
		662675C72B487E7800CFD2EC /* Creation Views */ = {
			isa = PBXGroup;
			children = (
				66BD202A2B44DAA3009ED644 /* CreateCarView.swift */,
				66BD20232B44D675009ED644 /* CreateGarageView.swift */,
			);
			path = "Creation Views";
			sourceTree = "<group>";
		};
		662675C82B487E8C00CFD2EC /* Cars */ = {
			isa = PBXGroup;
			children = (
				660785DA2B45A83C00770CE1 /* CarDetailView.swift */,
				662675C92B487EA200CFD2EC /* MaintenanceRecordView.swift */,
			);
			path = Cars;
			sourceTree = "<group>";
		};
		665812ED2B44CB8E00599ADE = {
			isa = PBXGroup;
			children = (
				665812F82B44CB8E00599ADE /* Car */,
				66BA9EC02B4848AE006389CB /* Car for Mac */,
				665812F72B44CB8E00599ADE /* Products */,
			);
			sourceTree = "<group>";
		};
		665812F72B44CB8E00599ADE /* Products */ = {
			isa = PBXGroup;
			children = (
				665812F62B44CB8E00599ADE /* Car.app */,
				66BA9EBF2B4848AE006389CB /* Car for Mac.app */,
			);
			name = Products;
			sourceTree = "<group>";
		};
		665812F82B44CB8E00599ADE /* Car */ = {
			isa = PBXGroup;
			children = (
				660785E22B45ADAE00770CE1 /* Info.plist */,
				66BD20252B44D684009ED644 /* Services */,
				66BD20202B44D5C9009ED644 /* Views */,
				66BD201D2B44CD46009ED644 /* Models */,
				665813092B44CBA400599ADE /* App Files */,
				665812FF2B44CB9300599ADE /* Assets.xcassets */,
				665813012B44CB9300599ADE /* Preview Content */,
			);
			path = Car;
			sourceTree = "<group>";
		};
		665813012B44CB9300599ADE /* Preview Content */ = {
			isa = PBXGroup;
			children = (
				665813022B44CB9300599ADE /* Preview Assets.xcassets */,
			);
			path = "Preview Content";
			sourceTree = "<group>";
		};
		665813092B44CBA400599ADE /* App Files */ = {
			isa = PBXGroup;
			children = (
				665812F92B44CB8E00599ADE /* CarApp.swift */,
				660785DC2B45A88400770CE1 /* Extensions.swift */,
				660785DF2B45AD9300770CE1 /* Denver-Bold.ttf */,
				660785DE2B45AD9200770CE1 /* Denver-Regular.ttf */,
				660785E72B45AF9400770CE1 /* outward-block.ttf */,
				660785E82B45AF9500770CE1 /* outward-borders.ttf */,
				660785E92B45AF9500770CE1 /* outward-round.ttf */,
			);
			name = "App Files";
			sourceTree = "<group>";
		};
		66BA9EC02B4848AE006389CB /* Car for Mac */ = {
			isa = PBXGroup;
			children = (
				66BA9EC12B4848AF006389CB /* Car_for_MacApp.swift */,
				66BA9EC32B4848AF006389CB /* ContentView.swift */,
				66BA9EC52B4848AF006389CB /* Assets.xcassets */,
				66BA9ECA2B4848AF006389CB /* Car_for_Mac.entitlements */,
				66BA9EC72B4848AF006389CB /* Preview Content */,
			);
			path = "Car for Mac";
			sourceTree = "<group>";
		};
		66BA9EC72B4848AF006389CB /* Preview Content */ = {
			isa = PBXGroup;
			children = (
				66BA9EC82B4848AF006389CB /* Preview Assets.xcassets */,
			);
			path = "Preview Content";
			sourceTree = "<group>";
		};
		66BD201D2B44CD46009ED644 /* Models */ = {
			isa = PBXGroup;
			children = (
				665812FD2B44CB8E00599ADE /* Garage.swift */,
				66BD201E2B44CD61009ED644 /* Car.swift */,
			);
			path = Models;
			sourceTree = "<group>";
		};
		66BD20202B44D5C9009ED644 /* Views */ = {
			isa = PBXGroup;
			children = (
				662675C72B487E7800CFD2EC /* Creation Views */,
				662675C62B487E6900CFD2EC /* Detail Views */,
				662675C52B487E5A00CFD2EC /* Main Views */,
			);
			path = Views;
			sourceTree = "<group>";
		};
		66BD20252B44D684009ED644 /* Services */ = {
			isa = PBXGroup;
			children = (
				66BD20262B44D692009ED644 /* GarageManager.swift */,
			);
			path = Services;
			sourceTree = "<group>";
		};
/* End PBXGroup section */

/* Begin PBXNativeTarget section */
		665812F52B44CB8E00599ADE /* Car */ = {
			isa = PBXNativeTarget;
			buildConfigurationList = 665813062B44CB9300599ADE /* Build configuration list for PBXNativeTarget "Car" */;
			buildPhases = (
				665812F22B44CB8E00599ADE /* Sources */,
				665812F32B44CB8E00599ADE /* Frameworks */,
				665812F42B44CB8E00599ADE /* Resources */,
			);
			buildRules = (
			);
			dependencies = (
			);
			name = Car;
			productName = Car;
			productReference = 665812F62B44CB8E00599ADE /* Car.app */;
			productType = "com.apple.product-type.application";
		};
		66BA9EBE2B4848AE006389CB /* Car for Mac */ = {
			isa = PBXNativeTarget;
			buildConfigurationList = 66BA9ECB2B4848AF006389CB /* Build configuration list for PBXNativeTarget "Car for Mac" */;
			buildPhases = (
				66BA9EBB2B4848AE006389CB /* Sources */,
				66BA9EBC2B4848AE006389CB /* Frameworks */,
				66BA9EBD2B4848AE006389CB /* Resources */,
			);
			buildRules = (
			);
			dependencies = (
			);
			name = "Car for Mac";
			productName = "Car for Mac";
			productReference = 66BA9EBF2B4848AE006389CB /* Car for Mac.app */;
			productType = "com.apple.product-type.application";
		};
/* End PBXNativeTarget section */

/* Begin PBXProject section */
		665812EE2B44CB8E00599ADE /* Project object */ = {
			isa = PBXProject;
			attributes = {
				BuildIndependentTargetsInParallel = 1;
				LastSwiftUpdateCheck = 1510;
				LastUpgradeCheck = 1510;
				TargetAttributes = {
					665812F52B44CB8E00599ADE = {
						CreatedOnToolsVersion = 15.1;
					};
					66BA9EBE2B4848AE006389CB = {
						CreatedOnToolsVersion = 15.1;
					};
				};
			};
			buildConfigurationList = 665812F12B44CB8E00599ADE /* Build configuration list for PBXProject "Car" */;
			compatibilityVersion = "Xcode 14.0";
			developmentRegion = en;
			hasScannedForEncodings = 0;
			knownRegions = (
				en,
				Base,
			);
			mainGroup = 665812ED2B44CB8E00599ADE;
			productRefGroup = 665812F72B44CB8E00599ADE /* Products */;
			projectDirPath = "";
			projectRoot = "";
			targets = (
				665812F52B44CB8E00599ADE /* Car */,
				66BA9EBE2B4848AE006389CB /* Car for Mac */,
			);
		};
/* End PBXProject section */

/* Begin PBXResourcesBuildPhase section */
		665812F42B44CB8E00599ADE /* Resources */ = {
			isa = PBXResourcesBuildPhase;
			buildActionMask = 2147483647;
			files = (
				660785ED2B45B07700770CE1 /* outward-block.ttf in Resources */,
				660785EE2B45B07700770CE1 /* outward-borders.ttf in Resources */,
				660785EF2B45B07700770CE1 /* outward-round.ttf in Resources */,
				660785E32B45ADD900770CE1 /* Denver-Bold.ttf in Resources */,
				660785E42B45ADD900770CE1 /* Denver-Regular.ttf in Resources */,
				660785E52B45ADD900770CE1 /* Assets.xcassets in Resources */,
				660785E62B45ADD900770CE1 /* Preview Assets.xcassets in Resources */,
			);
			runOnlyForDeploymentPostprocessing = 0;
		};
		66BA9EBD2B4848AE006389CB /* Resources */ = {
			isa = PBXResourcesBuildPhase;
			buildActionMask = 2147483647;
			files = (
				66BA9EC92B4848AF006389CB /* Preview Assets.xcassets in Resources */,
				66BA9EC62B4848AF006389CB /* Assets.xcassets in Resources */,
			);
			runOnlyForDeploymentPostprocessing = 0;
		};
/* End PBXResourcesBuildPhase section */

/* Begin PBXSourcesBuildPhase section */
		665812F22B44CB8E00599ADE /* Sources */ = {
			isa = PBXSourcesBuildPhase;
			buildActionMask = 2147483647;
			files = (
				665812FC2B44CB8E00599ADE /* ContentView.swift in Sources */,
				66BD20242B44D675009ED644 /* CreateGarageView.swift in Sources */,
				66BD20222B44D5D9009ED644 /* CarView.swift in Sources */,
				662675CA2B487EA200CFD2EC /* MaintenanceRecordView.swift in Sources */,
				665812FE2B44CB8E00599ADE /* Garage.swift in Sources */,
				66BD201F2B44CD61009ED644 /* Car.swift in Sources */,
				66BD20292B44DA93009ED644 /* GarageView.swift in Sources */,
				66BD202B2B44DAA3009ED644 /* CreateCarView.swift in Sources */,
				665812FA2B44CB8E00599ADE /* CarApp.swift in Sources */,
				660785DB2B45A83C00770CE1 /* CarDetailView.swift in Sources */,
				660785DD2B45A88400770CE1 /* Extensions.swift in Sources */,
				66BD20272B44D692009ED644 /* GarageManager.swift in Sources */,
			);
			runOnlyForDeploymentPostprocessing = 0;
		};
		66BA9EBB2B4848AE006389CB /* Sources */ = {
			isa = PBXSourcesBuildPhase;
			buildActionMask = 2147483647;
			files = (
				66BA9EC42B4848AF006389CB /* ContentView.swift in Sources */,
				66BA9EC22B4848AF006389CB /* Car_for_MacApp.swift in Sources */,
			);
			runOnlyForDeploymentPostprocessing = 0;
		};
/* End PBXSourcesBuildPhase section */

/* Begin XCBuildConfiguration section */
		665813042B44CB9300599ADE /* Debug */ = {
			isa = XCBuildConfiguration;
			buildSettings = {
				ALWAYS_SEARCH_USER_PATHS = NO;
				ASSETCATALOG_COMPILER_GENERATE_SWIFT_ASSET_SYMBOL_EXTENSIONS = YES;
				CLANG_ANALYZER_NONNULL = YES;
				CLANG_ANALYZER_NUMBER_OBJECT_CONVERSION = YES_AGGRESSIVE;
				CLANG_CXX_LANGUAGE_STANDARD = "gnu++20";
				CLANG_ENABLE_MODULES = YES;
				CLANG_ENABLE_OBJC_ARC = YES;
				CLANG_ENABLE_OBJC_WEAK = YES;
				CLANG_WARN_BLOCK_CAPTURE_AUTORELEASING = YES;
				CLANG_WARN_BOOL_CONVERSION = YES;
				CLANG_WARN_COMMA = YES;
				CLANG_WARN_CONSTANT_CONVERSION = YES;
				CLANG_WARN_DEPRECATED_OBJC_IMPLEMENTATIONS = YES;
				CLANG_WARN_DIRECT_OBJC_ISA_USAGE = YES_ERROR;
				CLANG_WARN_DOCUMENTATION_COMMENTS = YES;
				CLANG_WARN_EMPTY_BODY = YES;
				CLANG_WARN_ENUM_CONVERSION = YES;
				CLANG_WARN_INFINITE_RECURSION = YES;
				CLANG_WARN_INT_CONVERSION = YES;
				CLANG_WARN_NON_LITERAL_NULL_CONVERSION = YES;
				CLANG_WARN_OBJC_IMPLICIT_RETAIN_SELF = YES;
				CLANG_WARN_OBJC_LITERAL_CONVERSION = YES;
				CLANG_WARN_OBJC_ROOT_CLASS = YES_ERROR;
				CLANG_WARN_QUOTED_INCLUDE_IN_FRAMEWORK_HEADER = YES;
				CLANG_WARN_RANGE_LOOP_ANALYSIS = YES;
				CLANG_WARN_STRICT_PROTOTYPES = YES;
				CLANG_WARN_SUSPICIOUS_MOVE = YES;
				CLANG_WARN_UNGUARDED_AVAILABILITY = YES_AGGRESSIVE;
				CLANG_WARN_UNREACHABLE_CODE = YES;
				CLANG_WARN__DUPLICATE_METHOD_MATCH = YES;
				COPY_PHASE_STRIP = NO;
				DEBUG_INFORMATION_FORMAT = dwarf;
				ENABLE_STRICT_OBJC_MSGSEND = YES;
				ENABLE_TESTABILITY = YES;
				ENABLE_USER_SCRIPT_SANDBOXING = YES;
				GCC_C_LANGUAGE_STANDARD = gnu17;
				GCC_DYNAMIC_NO_PIC = NO;
				GCC_NO_COMMON_BLOCKS = YES;
				GCC_OPTIMIZATION_LEVEL = 0;
				GCC_PREPROCESSOR_DEFINITIONS = (
					"DEBUG=1",
					"$(inherited)",
				);
				GCC_WARN_64_TO_32_BIT_CONVERSION = YES;
				GCC_WARN_ABOUT_RETURN_TYPE = YES_ERROR;
				GCC_WARN_UNDECLARED_SELECTOR = YES;
				GCC_WARN_UNINITIALIZED_AUTOS = YES_AGGRESSIVE;
				GCC_WARN_UNUSED_FUNCTION = YES;
				GCC_WARN_UNUSED_VARIABLE = YES;
				IPHONEOS_DEPLOYMENT_TARGET = 17.2;
				LOCALIZATION_PREFERS_STRING_CATALOGS = YES;
				MTL_ENABLE_DEBUG_INFO = INCLUDE_SOURCE;
				MTL_FAST_MATH = YES;
				ONLY_ACTIVE_ARCH = YES;
				SDKROOT = iphoneos;
				SWIFT_ACTIVE_COMPILATION_CONDITIONS = "DEBUG $(inherited)";
				SWIFT_OPTIMIZATION_LEVEL = "-Onone";
			};
			name = Debug;
		};
		665813052B44CB9300599ADE /* Release */ = {
			isa = XCBuildConfiguration;
			buildSettings = {
				ALWAYS_SEARCH_USER_PATHS = NO;
				ASSETCATALOG_COMPILER_GENERATE_SWIFT_ASSET_SYMBOL_EXTENSIONS = YES;
				CLANG_ANALYZER_NONNULL = YES;
				CLANG_ANALYZER_NUMBER_OBJECT_CONVERSION = YES_AGGRESSIVE;
				CLANG_CXX_LANGUAGE_STANDARD = "gnu++20";
				CLANG_ENABLE_MODULES = YES;
				CLANG_ENABLE_OBJC_ARC = YES;
				CLANG_ENABLE_OBJC_WEAK = YES;
				CLANG_WARN_BLOCK_CAPTURE_AUTORELEASING = YES;
				CLANG_WARN_BOOL_CONVERSION = YES;
				CLANG_WARN_COMMA = YES;
				CLANG_WARN_CONSTANT_CONVERSION = YES;
				CLANG_WARN_DEPRECATED_OBJC_IMPLEMENTATIONS = YES;
				CLANG_WARN_DIRECT_OBJC_ISA_USAGE = YES_ERROR;
				CLANG_WARN_DOCUMENTATION_COMMENTS = YES;
				CLANG_WARN_EMPTY_BODY = YES;
				CLANG_WARN_ENUM_CONVERSION = YES;
				CLANG_WARN_INFINITE_RECURSION = YES;
				CLANG_WARN_INT_CONVERSION = YES;
				CLANG_WARN_NON_LITERAL_NULL_CONVERSION = YES;
				CLANG_WARN_OBJC_IMPLICIT_RETAIN_SELF = YES;
				CLANG_WARN_OBJC_LITERAL_CONVERSION = YES;
				CLANG_WARN_OBJC_ROOT_CLASS = YES_ERROR;
				CLANG_WARN_QUOTED_INCLUDE_IN_FRAMEWORK_HEADER = YES;
				CLANG_WARN_RANGE_LOOP_ANALYSIS = YES;
				CLANG_WARN_STRICT_PROTOTYPES = YES;
				CLANG_WARN_SUSPICIOUS_MOVE = YES;
				CLANG_WARN_UNGUARDED_AVAILABILITY = YES_AGGRESSIVE;
				CLANG_WARN_UNREACHABLE_CODE = YES;
				CLANG_WARN__DUPLICATE_METHOD_MATCH = YES;
				COPY_PHASE_STRIP = NO;
				DEBUG_INFORMATION_FORMAT = "dwarf-with-dsym";
				ENABLE_NS_ASSERTIONS = NO;
				ENABLE_STRICT_OBJC_MSGSEND = YES;
				ENABLE_USER_SCRIPT_SANDBOXING = YES;
				GCC_C_LANGUAGE_STANDARD = gnu17;
				GCC_NO_COMMON_BLOCKS = YES;
				GCC_WARN_64_TO_32_BIT_CONVERSION = YES;
				GCC_WARN_ABOUT_RETURN_TYPE = YES_ERROR;
				GCC_WARN_UNDECLARED_SELECTOR = YES;
				GCC_WARN_UNINITIALIZED_AUTOS = YES_AGGRESSIVE;
				GCC_WARN_UNUSED_FUNCTION = YES;
				GCC_WARN_UNUSED_VARIABLE = YES;
				IPHONEOS_DEPLOYMENT_TARGET = 17.2;
				LOCALIZATION_PREFERS_STRING_CATALOGS = YES;
				MTL_ENABLE_DEBUG_INFO = NO;
				MTL_FAST_MATH = YES;
				SDKROOT = iphoneos;
				SWIFT_COMPILATION_MODE = wholemodule;
				VALIDATE_PRODUCT = YES;
			};
			name = Release;
		};
		665813072B44CB9300599ADE /* Debug */ = {
			isa = XCBuildConfiguration;
			buildSettings = {
				ASSETCATALOG_COMPILER_APPICON_NAME = AppIcon;
				ASSETCATALOG_COMPILER_GLOBAL_ACCENT_COLOR_NAME = AccentColor;
				CODE_SIGN_STYLE = Automatic;
				CURRENT_PROJECT_VERSION = 1;
				DEVELOPMENT_ASSET_PATHS = "\"Car/Preview Content\"";
				DEVELOPMENT_TEAM = XNQ726DDKG;
				ENABLE_PREVIEWS = YES;
				GENERATE_INFOPLIST_FILE = YES;
				INFOPLIST_FILE = Car/Info.plist;
				INFOPLIST_KEY_CFBundleDisplayName = Car;
				INFOPLIST_KEY_LSApplicationCategoryType = "public.app-category.utilities";
				INFOPLIST_KEY_UIApplicationSceneManifest_Generation = YES;
				INFOPLIST_KEY_UIApplicationSupportsIndirectInputEvents = YES;
				INFOPLIST_KEY_UILaunchScreen_Generation = YES;
				INFOPLIST_KEY_UISupportedInterfaceOrientations_iPad = "UIInterfaceOrientationPortrait UIInterfaceOrientationPortraitUpsideDown UIInterfaceOrientationLandscapeLeft UIInterfaceOrientationLandscapeRight";
				INFOPLIST_KEY_UISupportedInterfaceOrientations_iPhone = "UIInterfaceOrientationPortrait UIInterfaceOrientationLandscapeLeft UIInterfaceOrientationLandscapeRight";
				IPHONEOS_DEPLOYMENT_TARGET = 17.0;
				LD_RUNPATH_SEARCH_PATHS = (
					"$(inherited)",
					"@executable_path/Frameworks",
				);
				MARKETING_VERSION = 1.0;
				PRODUCT_BUNDLE_IDENTIFIER = com.letterdots.ff;
				PRODUCT_NAME = "$(TARGET_NAME)";
				SUPPORTED_PLATFORMS = "iphoneos iphonesimulator";
				SUPPORTS_MACCATALYST = NO;
				SUPPORTS_MAC_DESIGNED_FOR_IPHONE_IPAD = NO;
				SWIFT_EMIT_LOC_STRINGS = YES;
				SWIFT_VERSION = 5.0;
				TARGETED_DEVICE_FAMILY = "1,2";
			};
			name = Debug;
		};
		665813082B44CB9300599ADE /* Release */ = {
			isa = XCBuildConfiguration;
			buildSettings = {
				ASSETCATALOG_COMPILER_APPICON_NAME = AppIcon;
				ASSETCATALOG_COMPILER_GLOBAL_ACCENT_COLOR_NAME = AccentColor;
				CODE_SIGN_STYLE = Automatic;
				CURRENT_PROJECT_VERSION = 1;
				DEVELOPMENT_ASSET_PATHS = "\"Car/Preview Content\"";
				DEVELOPMENT_TEAM = XNQ726DDKG;
				ENABLE_PREVIEWS = YES;
				GENERATE_INFOPLIST_FILE = YES;
				INFOPLIST_FILE = Car/Info.plist;
				INFOPLIST_KEY_CFBundleDisplayName = Car;
				INFOPLIST_KEY_LSApplicationCategoryType = "public.app-category.utilities";
				INFOPLIST_KEY_UIApplicationSceneManifest_Generation = YES;
				INFOPLIST_KEY_UIApplicationSupportsIndirectInputEvents = YES;
				INFOPLIST_KEY_UILaunchScreen_Generation = YES;
				INFOPLIST_KEY_UISupportedInterfaceOrientations_iPad = "UIInterfaceOrientationPortrait UIInterfaceOrientationPortraitUpsideDown UIInterfaceOrientationLandscapeLeft UIInterfaceOrientationLandscapeRight";
				INFOPLIST_KEY_UISupportedInterfaceOrientations_iPhone = "UIInterfaceOrientationPortrait UIInterfaceOrientationLandscapeLeft UIInterfaceOrientationLandscapeRight";
				IPHONEOS_DEPLOYMENT_TARGET = 17.0;
				LD_RUNPATH_SEARCH_PATHS = (
					"$(inherited)",
					"@executable_path/Frameworks",
				);
				MARKETING_VERSION = 1.0;
				PRODUCT_BUNDLE_IDENTIFIER = com.letterdots.ff;
				PRODUCT_NAME = "$(TARGET_NAME)";
				SUPPORTED_PLATFORMS = "iphoneos iphonesimulator";
				SUPPORTS_MACCATALYST = NO;
				SUPPORTS_MAC_DESIGNED_FOR_IPHONE_IPAD = NO;
				SWIFT_EMIT_LOC_STRINGS = YES;
				SWIFT_VERSION = 5.0;
				TARGETED_DEVICE_FAMILY = "1,2";
			};
			name = Release;
		};
		66BA9ECC2B4848AF006389CB /* Debug */ = {
			isa = XCBuildConfiguration;
			buildSettings = {
				ASSETCATALOG_COMPILER_APPICON_NAME = AppIcon;
				ASSETCATALOG_COMPILER_GLOBAL_ACCENT_COLOR_NAME = AccentColor;
				CODE_SIGN_ENTITLEMENTS = "Car for Mac/Car_for_Mac.entitlements";
				"CODE_SIGN_IDENTITY[sdk=macosx*]" = "Apple Development";
				CODE_SIGN_STYLE = Automatic;
				COMBINE_HIDPI_IMAGES = YES;
				CURRENT_PROJECT_VERSION = 1;
				DEVELOPMENT_ASSET_PATHS = "\"Car for Mac/Preview Content\"";
				DEVELOPMENT_TEAM = XNQ726DDKG;
				ENABLE_HARDENED_RUNTIME = YES;
				ENABLE_PREVIEWS = YES;
				GENERATE_INFOPLIST_FILE = YES;
				INFOPLIST_KEY_NSHumanReadableCopyright = "";
				LD_RUNPATH_SEARCH_PATHS = (
					"$(inherited)",
					"@executable_path/../Frameworks",
				);
				MACOSX_DEPLOYMENT_TARGET = 14.2;
				MARKETING_VERSION = 1.0;
				PRODUCT_BUNDLE_IDENTIFIER = com.letterdots.ffMac;
				PRODUCT_NAME = "$(TARGET_NAME)";
				SDKROOT = macosx;
				SWIFT_EMIT_LOC_STRINGS = YES;
				SWIFT_VERSION = 5.0;
			};
			name = Debug;
		};
		66BA9ECD2B4848AF006389CB /* Release */ = {
			isa = XCBuildConfiguration;
			buildSettings = {
				ASSETCATALOG_COMPILER_APPICON_NAME = AppIcon;
				ASSETCATALOG_COMPILER_GLOBAL_ACCENT_COLOR_NAME = AccentColor;
				CODE_SIGN_ENTITLEMENTS = "Car for Mac/Car_for_Mac.entitlements";
				"CODE_SIGN_IDENTITY[sdk=macosx*]" = "Apple Development";
				CODE_SIGN_STYLE = Automatic;
				COMBINE_HIDPI_IMAGES = YES;
				CURRENT_PROJECT_VERSION = 1;
				DEVELOPMENT_ASSET_PATHS = "\"Car for Mac/Preview Content\"";
				DEVELOPMENT_TEAM = XNQ726DDKG;
				ENABLE_HARDENED_RUNTIME = YES;
				ENABLE_PREVIEWS = YES;
				GENERATE_INFOPLIST_FILE = YES;
				INFOPLIST_KEY_NSHumanReadableCopyright = "";
				LD_RUNPATH_SEARCH_PATHS = (
					"$(inherited)",
					"@executable_path/../Frameworks",
				);
				MACOSX_DEPLOYMENT_TARGET = 14.2;
				MARKETING_VERSION = 1.0;
				PRODUCT_BUNDLE_IDENTIFIER = com.letterdots.ffMac;
				PRODUCT_NAME = "$(TARGET_NAME)";
				SDKROOT = macosx;
				SWIFT_EMIT_LOC_STRINGS = YES;
				SWIFT_VERSION = 5.0;
			};
			name = Release;
		};
/* End XCBuildConfiguration section */

/* Begin XCConfigurationList section */
		665812F12B44CB8E00599ADE /* Build configuration list for PBXProject "Car" */ = {
			isa = XCConfigurationList;
			buildConfigurations = (
				665813042B44CB9300599ADE /* Debug */,
				665813052B44CB9300599ADE /* Release */,
			);
			defaultConfigurationIsVisible = 0;
			defaultConfigurationName = Release;
		};
		665813062B44CB9300599ADE /* Build configuration list for PBXNativeTarget "Car" */ = {
			isa = XCConfigurationList;
			buildConfigurations = (
				665813072B44CB9300599ADE /* Debug */,
				665813082B44CB9300599ADE /* Release */,
			);
			defaultConfigurationIsVisible = 0;
			defaultConfigurationName = Release;
		};
		66BA9ECB2B4848AF006389CB /* Build configuration list for PBXNativeTarget "Car for Mac" */ = {
			isa = XCConfigurationList;
			buildConfigurations = (
				66BA9ECC2B4848AF006389CB /* Debug */,
				66BA9ECD2B4848AF006389CB /* Release */,
			);
			defaultConfigurationIsVisible = 0;
			defaultConfigurationName = Release;
		};
/* End XCConfigurationList section */
	};
	rootObject = 665812EE2B44CB8E00599ADE /* Project object */;
}
